
Microsoft Visual Studio Solution File, Format Version 12.00
# Visual Studio 14
VisualStudioVersion = 14.0.25123.0
MinimumVisualStudioVersion = 10.0.40219.1
Project("{8BC9CEB8-8B4A-11D0-8D11-00A0C91BC942}") = "text-compressor", "text-compressor.vcxproj", "{26C98654-A337-429D-9BAA-0F1835A3A5FB}"
EndProject
Global
	GlobalSection(SolutionConfigurationPlatforms) = preSolution
		DDecode|x64 = DDecode|x64
		DDecode|x86 = DDecode|x86
		Debug|x64 = Debug|x64
		Debug|x86 = Debug|x86
		Decode|x64 = Decode|x64
		Decode|x86 = Decode|x86
		DEncode|x64 = DEncode|x64
		DEncode|x86 = DEncode|x86
		Encode|x64 = Encode|x64
		Encode|x86 = Encode|x86
		Release|x64 = Release|x64
		Release|x86 = Release|x86
	EndGlobalSection
	GlobalSection(ProjectConfigurationPlatforms) = postSolution
		{26C98654-A337-429D-9BAA-0F1835A3A5FB}.DDecode|x64.ActiveCfg = DDecode|x64
		{26C98654-A337-429D-9BAA-0F1835A3A5FB}.DDecode|x64.Build.0 = DDecode|x64
		{26C98654-A337-429D-9BAA-0F1835A3A5FB}.DDecode|x86.ActiveCfg = DDecode|Win32
		{26C98654-A337-429D-9BAA-0F1835A3A5FB}.DDecode|x86.Build.0 = DDecode|Win32
		{26C98654-A337-429D-9BAA-0F1835A3A5FB}.Debug|x64.ActiveCfg = Debug|x64
		{26C98654-A337-429D-9BAA-0F1835A3A5FB}.Debug|x64.Build.0 = Debug|x64
		{26C98654-A337-429D-9BAA-0F1835A3A5FB}.Debug|x86.ActiveCfg = Debug|Win32
		{26C98654-A337-429D-9BAA-0F1835A3A5FB}.Debug|x86.Build.0 = Debug|Win32
		{26C98654-A337-429D-9BAA-0F1835A3A5FB}.Decode|x64.ActiveCfg = Decode|x64
		{26C98654-A337-429D-9BAA-0F1835A3A5FB}.Decode|x64.Build.0 = Decode|x64
		{26C98654-A337-429D-9BAA-0F1835A3A5FB}.Decode|x86.ActiveCfg = Decode|Win32
		{26C98654-A337-429D-9BAA-0F1835A3A5FB}.Decode|x86.Build.0 = Decode|Win32
		{26C98654-A337-429D-9BAA-0F1835A3A5FB}.DEncode|x64.ActiveCfg = DEncode|x64
		{26C98654-A337-429D-9BAA-0F1835A3A5FB}.DEncode|x64.Build.0 = DEncode|x64
		{26C98654-A337-429D-9BAA-0F1835A3A5FB}.DEncode|x86.ActiveCfg = DEncode|Win32
		{26C98654-A337-429D-9BAA-0F1835A3A5FB}.DEncode|x86.Build.0 = DEncode|Win32
		{26C98654-A337-429D-9BAA-0F1835A3A5FB}.Encode|x64.ActiveCfg = Encode|x64
		{26C98654-A337-429D-9BAA-0F1835A3A5FB}.Encode|x64.Build.0 = Encode|x64
		{26C98654-A337-429D-9BAA-0F1835A3A5FB}.Encode|x86.ActiveCfg = Encode|Win32
		{26C98654-A337-429D-9BAA-0F1835A3A5FB}.Encode|x86.Build.0 = Encode|Win32
		{26C98654-A337-429D-9BAA-0F1835A3A5FB}.Release|x64.ActiveCfg = Release|x64
		{26C98654-A337-429D-9BAA-0F1835A3A5FB}.Release|x64.Build.0 = Release|x64
		{26C98654-A337-429D-9BAA-0F1835A3A5FB}.Release|x86.ActiveCfg = Release|Win32
		{26C98654-A337-429D-9BAA-0F1835A3A5FB}.Release|x86.Build.0 = Release|Win32
	EndGlobalSection
	GlobalSection(SolutionProperties) = preSolution
		HideSolutionNode = FALSE
	EndGlobalSection
EndGlobal
